// !$*UTF8*$!
{
	archiveVersion = 1;
	classes = {
	};
	objectVersion = 56;
	objects = {

/* Begin PBXBuildFile section */
		3919D19B2A9B653B00FF4808 /* primitives.swift in Sources */ = {isa = PBXBuildFile; fileRef = 3919D19A2A9B653B00FF4808 /* primitives.swift */; };
		3919D19F2A9BDEC300FF4808 /* AuthRepositoryInterface.swift in Sources */ = {isa = PBXBuildFile; fileRef = 3919D19E2A9BDEC300FF4808 /* AuthRepositoryInterface.swift */; };
		3919D1A32A9BDF2200FF4808 /* LoginRequestData.swift in Sources */ = {isa = PBXBuildFile; fileRef = 3919D1A22A9BDF2200FF4808 /* LoginRequestData.swift */; };
		3919D1A62A9BDF7E00FF4808 /* AuthRepositoryImp.swift in Sources */ = {isa = PBXBuildFile; fileRef = 3919D1A52A9BDF7E00FF4808 /* AuthRepositoryImp.swift */; };
		3919D1A92A9BE0A200FF4808 /* Alamofire in Frameworks */ = {isa = PBXBuildFile; productRef = 3919D1A82A9BE0A200FF4808 /* Alamofire */; };
		3919D1AC2A9BE17200FF4808 /* HttpClient.swift in Sources */ = {isa = PBXBuildFile; fileRef = 3919D1AB2A9BE17200FF4808 /* HttpClient.swift */; };
		392A23642A9BE786006ACBC3 /* AFHttpClient.swift in Sources */ = {isa = PBXBuildFile; fileRef = 392A23632A9BE786006ACBC3 /* AFHttpClient.swift */; };
		392A23672A9DA9D4006ACBC3 /* EndPoints.swift in Sources */ = {isa = PBXBuildFile; fileRef = 392A23662A9DA9D4006ACBC3 /* EndPoints.swift */; };
		392A236A2A9DFACD006ACBC3 /* LoginResponseData.swift in Sources */ = {isa = PBXBuildFile; fileRef = 392A23692A9DFACD006ACBC3 /* LoginResponseData.swift */; };
		392A236C2A9DFB2C006ACBC3 /* UserModel.swift in Sources */ = {isa = PBXBuildFile; fileRef = 392A236B2A9DFB2C006ACBC3 /* UserModel.swift */; };
		3933ECD92A80BCEF0013DB35 /* pulavestiosApp.swift in Sources */ = {isa = PBXBuildFile; fileRef = 3933ECD82A80BCEF0013DB35 /* pulavestiosApp.swift */; };
		3933ECDB2A80BCEF0013DB35 /* ContentView.swift in Sources */ = {isa = PBXBuildFile; fileRef = 3933ECDA2A80BCEF0013DB35 /* ContentView.swift */; };
		3933ECDD2A80BCF00013DB35 /* Assets.xcassets in Resources */ = {isa = PBXBuildFile; fileRef = 3933ECDC2A80BCF00013DB35 /* Assets.xcassets */; };
		3933ECE02A80BCF00013DB35 /* Preview Assets.xcassets in Resources */ = {isa = PBXBuildFile; fileRef = 3933ECDF2A80BCF00013DB35 /* Preview Assets.xcassets */; };
		3933ECEA2A80BCF00013DB35 /* pulavestiosTests.swift in Sources */ = {isa = PBXBuildFile; fileRef = 3933ECE92A80BCF00013DB35 /* pulavestiosTests.swift */; };
		3933ECF42A80BCF00013DB35 /* pulavestiosUITests.swift in Sources */ = {isa = PBXBuildFile; fileRef = 3933ECF32A80BCF00013DB35 /* pulavestiosUITests.swift */; };
		3933ECF62A80BCF00013DB35 /* pulavestiosUITestsLaunchTests.swift in Sources */ = {isa = PBXBuildFile; fileRef = 3933ECF52A80BCF00013DB35 /* pulavestiosUITestsLaunchTests.swift */; };
		3933ED072A80BF520013DB35 /* LoginPage.swift in Sources */ = {isa = PBXBuildFile; fileRef = 3933ED062A80BF520013DB35 /* LoginPage.swift */; };
		3933ED142A80C3860013DB35 /* outfit_bold.ttf in Resources */ = {isa = PBXBuildFile; fileRef = 3933ED0A2A80C3850013DB35 /* outfit_bold.ttf */; };
		3933ED152A80C3860013DB35 /* outfit_extrabold.ttf in Resources */ = {isa = PBXBuildFile; fileRef = 3933ED0B2A80C3850013DB35 /* outfit_extrabold.ttf */; };
		3933ED162A80C3860013DB35 /* outfit_thin.ttf in Resources */ = {isa = PBXBuildFile; fileRef = 3933ED0C2A80C3850013DB35 /* outfit_thin.ttf */; };
		3933ED172A80C3860013DB35 /* outfit_extralight.ttf in Resources */ = {isa = PBXBuildFile; fileRef = 3933ED0D2A80C3850013DB35 /* outfit_extralight.ttf */; };
		3933ED182A80C3860013DB35 /* outfit_light.ttf in Resources */ = {isa = PBXBuildFile; fileRef = 3933ED0E2A80C3850013DB35 /* outfit_light.ttf */; };
		3933ED192A80C3860013DB35 /* outfit_regular.ttf in Resources */ = {isa = PBXBuildFile; fileRef = 3933ED0F2A80C3860013DB35 /* outfit_regular.ttf */; };
		3933ED1A2A80C3860013DB35 /* outfit_medium.ttf in Resources */ = {isa = PBXBuildFile; fileRef = 3933ED102A80C3860013DB35 /* outfit_medium.ttf */; };
		3933ED1C2A80C3860013DB35 /* outfit_semibold.ttf in Resources */ = {isa = PBXBuildFile; fileRef = 3933ED122A80C3860013DB35 /* outfit_semibold.ttf */; };
		3933ED1D2A80C3860013DB35 /* outfit_black.ttf in Resources */ = {isa = PBXBuildFile; fileRef = 3933ED132A80C3860013DB35 /* outfit_black.ttf */; };
		3933ED202A80CD2F0013DB35 /* ThemeProvider.swift in Sources */ = {isa = PBXBuildFile; fileRef = 3933ED1F2A80CD2F0013DB35 /* ThemeProvider.swift */; };
		394DF3862AA2EF56000FF454 /* AuthViewModel.swift in Sources */ = {isa = PBXBuildFile; fileRef = 394DF3852AA2EF56000FF454 /* AuthViewModel.swift */; };
		398AF3622A94C02400851890 /* RegisterPage.swift in Sources */ = {isa = PBXBuildFile; fileRef = 398AF3612A94C02400851890 /* RegisterPage.swift */; };
		398AF3642A94C05200851890 /* DashboardPage.swift in Sources */ = {isa = PBXBuildFile; fileRef = 398AF3632A94C05200851890 /* DashboardPage.swift */; };
/* End PBXBuildFile section */

/* Begin PBXContainerItemProxy section */
		3933ECE62A80BCF00013DB35 /* PBXContainerItemProxy */ = {
			isa = PBXContainerItemProxy;
			containerPortal = 3933ECCD2A80BCEF0013DB35 /* Project object */;
			proxyType = 1;
			remoteGlobalIDString = 3933ECD42A80BCEF0013DB35;
			remoteInfo = pulavestios;
		};
		3933ECF02A80BCF00013DB35 /* PBXContainerItemProxy */ = {
			isa = PBXContainerItemProxy;
			containerPortal = 3933ECCD2A80BCEF0013DB35 /* Project object */;
			proxyType = 1;
			remoteGlobalIDString = 3933ECD42A80BCEF0013DB35;
			remoteInfo = pulavestios;
		};
/* End PBXContainerItemProxy section */

/* Begin PBXFileReference section */
		3919D19A2A9B653B00FF4808 /* primitives.swift */ = {isa = PBXFileReference; lastKnownFileType = sourcecode.swift; path = primitives.swift; sourceTree = "<group>"; };
		3919D19E2A9BDEC300FF4808 /* AuthRepositoryInterface.swift */ = {isa = PBXFileReference; lastKnownFileType = sourcecode.swift; path = AuthRepositoryInterface.swift; sourceTree = "<group>"; };
		3919D1A22A9BDF2200FF4808 /* LoginRequestData.swift */ = {isa = PBXFileReference; lastKnownFileType = sourcecode.swift; path = LoginRequestData.swift; sourceTree = "<group>"; };
		3919D1A52A9BDF7E00FF4808 /* AuthRepositoryImp.swift */ = {isa = PBXFileReference; lastKnownFileType = sourcecode.swift; path = AuthRepositoryImp.swift; sourceTree = "<group>"; };
		3919D1AB2A9BE17200FF4808 /* HttpClient.swift */ = {isa = PBXFileReference; lastKnownFileType = sourcecode.swift; path = HttpClient.swift; sourceTree = "<group>"; };
		392A23632A9BE786006ACBC3 /* AFHttpClient.swift */ = {isa = PBXFileReference; lastKnownFileType = sourcecode.swift; path = AFHttpClient.swift; sourceTree = "<group>"; };
		392A23662A9DA9D4006ACBC3 /* EndPoints.swift */ = {isa = PBXFileReference; lastKnownFileType = sourcecode.swift; path = EndPoints.swift; sourceTree = "<group>"; };
		392A23692A9DFACD006ACBC3 /* LoginResponseData.swift */ = {isa = PBXFileReference; lastKnownFileType = sourcecode.swift; path = LoginResponseData.swift; sourceTree = "<group>"; };
		392A236B2A9DFB2C006ACBC3 /* UserModel.swift */ = {isa = PBXFileReference; lastKnownFileType = sourcecode.swift; path = UserModel.swift; sourceTree = "<group>"; };
		3933ECD52A80BCEF0013DB35 /* pulavestios.app */ = {isa = PBXFileReference; explicitFileType = wrapper.application; includeInIndex = 0; path = pulavestios.app; sourceTree = BUILT_PRODUCTS_DIR; };
		3933ECD82A80BCEF0013DB35 /* pulavestiosApp.swift */ = {isa = PBXFileReference; lastKnownFileType = sourcecode.swift; path = pulavestiosApp.swift; sourceTree = "<group>"; };
		3933ECDA2A80BCEF0013DB35 /* ContentView.swift */ = {isa = PBXFileReference; lastKnownFileType = sourcecode.swift; path = ContentView.swift; sourceTree = "<group>"; };
		3933ECDC2A80BCF00013DB35 /* Assets.xcassets */ = {isa = PBXFileReference; lastKnownFileType = folder.assetcatalog; path = Assets.xcassets; sourceTree = "<group>"; };
		3933ECDF2A80BCF00013DB35 /* Preview Assets.xcassets */ = {isa = PBXFileReference; lastKnownFileType = folder.assetcatalog; path = "Preview Assets.xcassets"; sourceTree = "<group>"; };
		3933ECE52A80BCF00013DB35 /* pulavestiosTests.xctest */ = {isa = PBXFileReference; explicitFileType = wrapper.cfbundle; includeInIndex = 0; path = pulavestiosTests.xctest; sourceTree = BUILT_PRODUCTS_DIR; };
		3933ECE92A80BCF00013DB35 /* pulavestiosTests.swift */ = {isa = PBXFileReference; lastKnownFileType = sourcecode.swift; path = pulavestiosTests.swift; sourceTree = "<group>"; };
		3933ECEF2A80BCF00013DB35 /* pulavestiosUITests.xctest */ = {isa = PBXFileReference; explicitFileType = wrapper.cfbundle; includeInIndex = 0; path = pulavestiosUITests.xctest; sourceTree = BUILT_PRODUCTS_DIR; };
		3933ECF32A80BCF00013DB35 /* pulavestiosUITests.swift */ = {isa = PBXFileReference; lastKnownFileType = sourcecode.swift; path = pulavestiosUITests.swift; sourceTree = "<group>"; };
		3933ECF52A80BCF00013DB35 /* pulavestiosUITestsLaunchTests.swift */ = {isa = PBXFileReference; lastKnownFileType = sourcecode.swift; path = pulavestiosUITestsLaunchTests.swift; sourceTree = "<group>"; };
		3933ED062A80BF520013DB35 /* LoginPage.swift */ = {isa = PBXFileReference; lastKnownFileType = sourcecode.swift; path = LoginPage.swift; sourceTree = "<group>"; };
		3933ED0A2A80C3850013DB35 /* outfit_bold.ttf */ = {isa = PBXFileReference; lastKnownFileType = file; path = outfit_bold.ttf; sourceTree = "<group>"; };
		3933ED0B2A80C3850013DB35 /* outfit_extrabold.ttf */ = {isa = PBXFileReference; lastKnownFileType = file; path = outfit_extrabold.ttf; sourceTree = "<group>"; };
		3933ED0C2A80C3850013DB35 /* outfit_thin.ttf */ = {isa = PBXFileReference; lastKnownFileType = file; path = outfit_thin.ttf; sourceTree = "<group>"; };
		3933ED0D2A80C3850013DB35 /* outfit_extralight.ttf */ = {isa = PBXFileReference; lastKnownFileType = file; path = outfit_extralight.ttf; sourceTree = "<group>"; };
		3933ED0E2A80C3850013DB35 /* outfit_light.ttf */ = {isa = PBXFileReference; lastKnownFileType = file; path = outfit_light.ttf; sourceTree = "<group>"; };
		3933ED0F2A80C3860013DB35 /* outfit_regular.ttf */ = {isa = PBXFileReference; lastKnownFileType = file; path = outfit_regular.ttf; sourceTree = "<group>"; };
		3933ED102A80C3860013DB35 /* outfit_medium.ttf */ = {isa = PBXFileReference; lastKnownFileType = file; path = outfit_medium.ttf; sourceTree = "<group>"; };
		3933ED122A80C3860013DB35 /* outfit_semibold.ttf */ = {isa = PBXFileReference; lastKnownFileType = file; path = outfit_semibold.ttf; sourceTree = "<group>"; };
		3933ED132A80C3860013DB35 /* outfit_black.ttf */ = {isa = PBXFileReference; lastKnownFileType = file; path = outfit_black.ttf; sourceTree = "<group>"; };
		3933ED1E2A80C7180013DB35 /* Info.plist */ = {isa = PBXFileReference; lastKnownFileType = text.plist; path = Info.plist; sourceTree = "<group>"; };
		3933ED1F2A80CD2F0013DB35 /* ThemeProvider.swift */ = {isa = PBXFileReference; lastKnownFileType = sourcecode.swift; path = ThemeProvider.swift; sourceTree = "<group>"; };
		394DF3852AA2EF56000FF454 /* AuthViewModel.swift */ = {isa = PBXFileReference; lastKnownFileType = sourcecode.swift; path = AuthViewModel.swift; sourceTree = "<group>"; };
		398AF3612A94C02400851890 /* RegisterPage.swift */ = {isa = PBXFileReference; lastKnownFileType = sourcecode.swift; path = RegisterPage.swift; sourceTree = "<group>"; };
		398AF3632A94C05200851890 /* DashboardPage.swift */ = {isa = PBXFileReference; lastKnownFileType = sourcecode.swift; path = DashboardPage.swift; sourceTree = "<group>"; };
/* End PBXFileReference section */

/* Begin PBXFrameworksBuildPhase section */
		3933ECD22A80BCEF0013DB35 /* Frameworks */ = {
			isa = PBXFrameworksBuildPhase;
			buildActionMask = 2147483647;
			files = (
				3919D1A92A9BE0A200FF4808 /* Alamofire in Frameworks */,
			);
			runOnlyForDeploymentPostprocessing = 0;
		};
		3933ECE22A80BCF00013DB35 /* Frameworks */ = {
			isa = PBXFrameworksBuildPhase;
			buildActionMask = 2147483647;
			files = (
			);
			runOnlyForDeploymentPostprocessing = 0;
		};
		3933ECEC2A80BCF00013DB35 /* Frameworks */ = {
			isa = PBXFrameworksBuildPhase;
			buildActionMask = 2147483647;
			files = (
			);
			runOnlyForDeploymentPostprocessing = 0;
		};
/* End PBXFrameworksBuildPhase section */

/* Begin PBXGroup section */
		3919D1992A9B651100FF4808 /* aliases */ = {
			isa = PBXGroup;
			children = (
				3919D19A2A9B653B00FF4808 /* primitives.swift */,
			);
			path = aliases;
			sourceTree = "<group>";
		};
		3919D19C2A9BDE7300FF4808 /* interfaces */ = {
			isa = PBXGroup;
			children = (
				3919D1AB2A9BE17200FF4808 /* HttpClient.swift */,
			);
			path = interfaces;
			sourceTree = "<group>";
		};
		3919D19D2A9BDE9400FF4808 /* repository */ = {
			isa = PBXGroup;
			children = (
				3919D19E2A9BDEC300FF4808 /* AuthRepositoryInterface.swift */,
			);
			path = repository;
			sourceTree = "<group>";
		};
		3919D1A02A9BDEEA00FF4808 /* models */ = {
			isa = PBXGroup;
			children = (
				392A236B2A9DFB2C006ACBC3 /* UserModel.swift */,
			);
			path = models;
			sourceTree = "<group>";
		};
		3919D1A12A9BDEFB00FF4808 /* request_data */ = {
			isa = PBXGroup;
			children = (
				3919D1A22A9BDF2200FF4808 /* LoginRequestData.swift */,
			);
			path = request_data;
			sourceTree = "<group>";
		};
		3919D1A42A9BDF5A00FF4808 /* repository */ = {
			isa = PBXGroup;
			children = (
				3919D1A52A9BDF7E00FF4808 /* AuthRepositoryImp.swift */,
			);
			path = repository;
			sourceTree = "<group>";
		};
		3919D1AA2A9BE15100FF4808 /* Services */ = {
			isa = PBXGroup;
			children = (
				392A23632A9BE786006ACBC3 /* AFHttpClient.swift */,
			);
			path = Services;
			sourceTree = "<group>";
		};
		392A23652A9DA9B0006ACBC3 /* constants */ = {
			isa = PBXGroup;
			children = (
				392A23662A9DA9D4006ACBC3 /* EndPoints.swift */,
			);
			path = constants;
			sourceTree = "<group>";
		};
		392A23682A9DFAB5006ACBC3 /* response_data */ = {
			isa = PBXGroup;
			children = (
				392A23692A9DFACD006ACBC3 /* LoginResponseData.swift */,
			);
			path = response_data;
			sourceTree = "<group>";
		};
		3933ECCC2A80BCEF0013DB35 = {
			isa = PBXGroup;
			children = (
				3933ECD72A80BCEF0013DB35 /* pulavestios */,
				3933ECE82A80BCF00013DB35 /* pulavestiosTests */,
				3933ECF22A80BCF00013DB35 /* pulavestiosUITests */,
				3933ECD62A80BCEF0013DB35 /* Products */,
			);
			sourceTree = "<group>";
		};
		3933ECD62A80BCEF0013DB35 /* Products */ = {
			isa = PBXGroup;
			children = (
				3933ECD52A80BCEF0013DB35 /* pulavestios.app */,
				3933ECE52A80BCF00013DB35 /* pulavestiosTests.xctest */,
				3933ECEF2A80BCF00013DB35 /* pulavestiosUITests.xctest */,
			);
			name = Products;
			sourceTree = "<group>";
		};
		3933ECD72A80BCEF0013DB35 /* pulavestios */ = {
			isa = PBXGroup;
			children = (
				3919D1AA2A9BE15100FF4808 /* Services */,
				3933ED1E2A80C7180013DB35 /* Info.plist */,
				3933ED082A80C2EA0013DB35 /* Assets */,
				3933ED052A80BF380013DB35 /* Domain */,
				3933ED042A80BF300013DB35 /* Data */,
				3933ED032A80BF2A0013DB35 /* Core */,
				3933ED022A80BEF80013DB35 /* Presentation */,
				3933ECD82A80BCEF0013DB35 /* pulavestiosApp.swift */,
				3933ECDA2A80BCEF0013DB35 /* ContentView.swift */,
				3933ECDC2A80BCF00013DB35 /* Assets.xcassets */,
				3933ECDE2A80BCF00013DB35 /* Preview Content */,
			);
			path = pulavestios;
			sourceTree = "<group>";
		};
		3933ECDE2A80BCF00013DB35 /* Preview Content */ = {
			isa = PBXGroup;
			children = (
				3933ECDF2A80BCF00013DB35 /* Preview Assets.xcassets */,
			);
			path = "Preview Content";
			sourceTree = "<group>";
		};
		3933ECE82A80BCF00013DB35 /* pulavestiosTests */ = {
			isa = PBXGroup;
			children = (
				3933ECE92A80BCF00013DB35 /* pulavestiosTests.swift */,
			);
			path = pulavestiosTests;
			sourceTree = "<group>";
		};
		3933ECF22A80BCF00013DB35 /* pulavestiosUITests */ = {
			isa = PBXGroup;
			children = (
				3933ECF32A80BCF00013DB35 /* pulavestiosUITests.swift */,
				3933ECF52A80BCF00013DB35 /* pulavestiosUITestsLaunchTests.swift */,
			);
			path = pulavestiosUITests;
			sourceTree = "<group>";
		};
		3933ED022A80BEF80013DB35 /* Presentation */ = {
			isa = PBXGroup;
			children = (
				398AF3602A94C00600851890 /* Auth */,
				398AF3632A94C05200851890 /* DashboardPage.swift */,
			);
			path = Presentation;
			sourceTree = "<group>";
		};
		3933ED032A80BF2A0013DB35 /* Core */ = {
			isa = PBXGroup;
			children = (
				392A23652A9DA9B0006ACBC3 /* constants */,
				3919D1992A9B651100FF4808 /* aliases */,
				3933ED1F2A80CD2F0013DB35 /* ThemeProvider.swift */,
			);
			path = Core;
			sourceTree = "<group>";
		};
		3933ED042A80BF300013DB35 /* Data */ = {
			isa = PBXGroup;
			children = (
				3919D1A42A9BDF5A00FF4808 /* repository */,
			);
			path = Data;
			sourceTree = "<group>";
		};
		3933ED052A80BF380013DB35 /* Domain */ = {
			isa = PBXGroup;
			children = (
				392A23682A9DFAB5006ACBC3 /* response_data */,
				3919D1A12A9BDEFB00FF4808 /* request_data */,
				3919D1A02A9BDEEA00FF4808 /* models */,
				3919D19D2A9BDE9400FF4808 /* repository */,
				3919D19C2A9BDE7300FF4808 /* interfaces */,
			);
			path = Domain;
			sourceTree = "<group>";
		};
		3933ED082A80C2EA0013DB35 /* Assets */ = {
			isa = PBXGroup;
			children = (
				3933ED092A80C2F70013DB35 /* Fonts */,
			);
			path = Assets;
			sourceTree = "<group>";
		};
		3933ED092A80C2F70013DB35 /* Fonts */ = {
			isa = PBXGroup;
			children = (
				3933ED132A80C3860013DB35 /* outfit_black.ttf */,
				3933ED0A2A80C3850013DB35 /* outfit_bold.ttf */,
				3933ED0B2A80C3850013DB35 /* outfit_extrabold.ttf */,
				3933ED0D2A80C3850013DB35 /* outfit_extralight.ttf */,
				3933ED0E2A80C3850013DB35 /* outfit_light.ttf */,
				3933ED102A80C3860013DB35 /* outfit_medium.ttf */,
				3933ED0F2A80C3860013DB35 /* outfit_regular.ttf */,
				3933ED122A80C3860013DB35 /* outfit_semibold.ttf */,
				3933ED0C2A80C3850013DB35 /* outfit_thin.ttf */,
			);
			path = Fonts;
			sourceTree = "<group>";
		};
		394DF3842AA2EF37000FF454 /* ViewModels */ = {
			isa = PBXGroup;
			children = (
				394DF3852AA2EF56000FF454 /* AuthViewModel.swift */,
			);
			path = ViewModels;
			sourceTree = "<group>";
		};
		398AF3602A94C00600851890 /* Auth */ = {
			isa = PBXGroup;
			children = (
				394DF3842AA2EF37000FF454 /* ViewModels */,
				3933ED062A80BF520013DB35 /* LoginPage.swift */,
				398AF3612A94C02400851890 /* RegisterPage.swift */,
			);
			path = Auth;
			sourceTree = "<group>";
		};
/* End PBXGroup section */

/* Begin PBXNativeTarget section */
		3933ECD42A80BCEF0013DB35 /* pulavestios */ = {
			isa = PBXNativeTarget;
			buildConfigurationList = 3933ECF92A80BCF00013DB35 /* Build configuration list for PBXNativeTarget "pulavestios" */;
			buildPhases = (
				3933ECD12A80BCEF0013DB35 /* Sources */,
				3933ECD22A80BCEF0013DB35 /* Frameworks */,
				3933ECD32A80BCEF0013DB35 /* Resources */,
			);
			buildRules = (
			);
			dependencies = (
			);
			name = pulavestios;
			packageProductDependencies = (
				3919D1A82A9BE0A200FF4808 /* Alamofire */,
			);
			productName = pulavestios;
			productReference = 3933ECD52A80BCEF0013DB35 /* pulavestios.app */;
			productType = "com.apple.product-type.application";
		};
		3933ECE42A80BCF00013DB35 /* pulavestiosTests */ = {
			isa = PBXNativeTarget;
			buildConfigurationList = 3933ECFC2A80BCF00013DB35 /* Build configuration list for PBXNativeTarget "pulavestiosTests" */;
			buildPhases = (
				3933ECE12A80BCF00013DB35 /* Sources */,
				3933ECE22A80BCF00013DB35 /* Frameworks */,
				3933ECE32A80BCF00013DB35 /* Resources */,
			);
			buildRules = (
			);
			dependencies = (
				3933ECE72A80BCF00013DB35 /* PBXTargetDependency */,
			);
			name = pulavestiosTests;
			productName = pulavestiosTests;
			productReference = 3933ECE52A80BCF00013DB35 /* pulavestiosTests.xctest */;
			productType = "com.apple.product-type.bundle.unit-test";
		};
		3933ECEE2A80BCF00013DB35 /* pulavestiosUITests */ = {
			isa = PBXNativeTarget;
			buildConfigurationList = 3933ECFF2A80BCF00013DB35 /* Build configuration list for PBXNativeTarget "pulavestiosUITests" */;
			buildPhases = (
				3933ECEB2A80BCF00013DB35 /* Sources */,
				3933ECEC2A80BCF00013DB35 /* Frameworks */,
				3933ECED2A80BCF00013DB35 /* Resources */,
			);
			buildRules = (
			);
			dependencies = (
				3933ECF12A80BCF00013DB35 /* PBXTargetDependency */,
			);
			name = pulavestiosUITests;
			productName = pulavestiosUITests;
			productReference = 3933ECEF2A80BCF00013DB35 /* pulavestiosUITests.xctest */;
			productType = "com.apple.product-type.bundle.ui-testing";
		};
/* End PBXNativeTarget section */

/* Begin PBXProject section */
		3933ECCD2A80BCEF0013DB35 /* Project object */ = {
			isa = PBXProject;
			attributes = {
				BuildIndependentTargetsInParallel = 1;
				LastSwiftUpdateCheck = 1430;
				LastUpgradeCheck = 1430;
				TargetAttributes = {
					3933ECD42A80BCEF0013DB35 = {
						CreatedOnToolsVersion = 14.3.1;
					};
					3933ECE42A80BCF00013DB35 = {
						CreatedOnToolsVersion = 14.3.1;
						TestTargetID = 3933ECD42A80BCEF0013DB35;
					};
					3933ECEE2A80BCF00013DB35 = {
						CreatedOnToolsVersion = 14.3.1;
						TestTargetID = 3933ECD42A80BCEF0013DB35;
					};
				};
			};
			buildConfigurationList = 3933ECD02A80BCEF0013DB35 /* Build configuration list for PBXProject "pulavestios" */;
			compatibilityVersion = "Xcode 14.0";
			developmentRegion = en;
			hasScannedForEncodings = 0;
			knownRegions = (
				en,
				Base,
			);
			mainGroup = 3933ECCC2A80BCEF0013DB35;
			packageReferences = (
				3919D1A72A9BE0A200FF4808 /* XCRemoteSwiftPackageReference "Alamofire" */,
			);
			productRefGroup = 3933ECD62A80BCEF0013DB35 /* Products */;
			projectDirPath = "";
			projectRoot = "";
			targets = (
				3933ECD42A80BCEF0013DB35 /* pulavestios */,
				3933ECE42A80BCF00013DB35 /* pulavestiosTests */,
				3933ECEE2A80BCF00013DB35 /* pulavestiosUITests */,
			);
		};
/* End PBXProject section */

/* Begin PBXResourcesBuildPhase section */
		3933ECD32A80BCEF0013DB35 /* Resources */ = {
			isa = PBXResourcesBuildPhase;
			buildActionMask = 2147483647;
			files = (
				3933ED1C2A80C3860013DB35 /* outfit_semibold.ttf in Resources */,
				3933ED182A80C3860013DB35 /* outfit_light.ttf in Resources */,
				3933ED1A2A80C3860013DB35 /* outfit_medium.ttf in Resources */,
				3933ED142A80C3860013DB35 /* outfit_bold.ttf in Resources */,
				3933ED192A80C3860013DB35 /* outfit_regular.ttf in Resources */,
				3933ED162A80C3860013DB35 /* outfit_thin.ttf in Resources */,
				3933ECE02A80BCF00013DB35 /* Preview Assets.xcassets in Resources */,
				3933ED1D2A80C3860013DB35 /* outfit_black.ttf in Resources */,
				3933ECDD2A80BCF00013DB35 /* Assets.xcassets in Resources */,
				3933ED152A80C3860013DB35 /* outfit_extrabold.ttf in Resources */,
				3933ED172A80C3860013DB35 /* outfit_extralight.ttf in Resources */,
			);
			runOnlyForDeploymentPostprocessing = 0;
		};
		3933ECE32A80BCF00013DB35 /* Resources */ = {
			isa = PBXResourcesBuildPhase;
			buildActionMask = 2147483647;
			files = (
			);
			runOnlyForDeploymentPostprocessing = 0;
		};
		3933ECED2A80BCF00013DB35 /* Resources */ = {
			isa = PBXResourcesBuildPhase;
			buildActionMask = 2147483647;
			files = (
			);
			runOnlyForDeploymentPostprocessing = 0;
		};
/* End PBXResourcesBuildPhase section */

/* Begin PBXSourcesBuildPhase section */
		3933ECD12A80BCEF0013DB35 /* Sources */ = {
			isa = PBXSourcesBuildPhase;
			buildActionMask = 2147483647;
			files = (
				398AF3622A94C02400851890 /* RegisterPage.swift in Sources */,
				3933ED202A80CD2F0013DB35 /* ThemeProvider.swift in Sources */,
				392A236A2A9DFACD006ACBC3 /* LoginResponseData.swift in Sources */,
				3933ECDB2A80BCEF0013DB35 /* ContentView.swift in Sources */,
				392A23642A9BE786006ACBC3 /* AFHttpClient.swift in Sources */,
				392A23672A9DA9D4006ACBC3 /* EndPoints.swift in Sources */,
				3919D19F2A9BDEC300FF4808 /* AuthRepositoryInterface.swift in Sources */,
				3919D1A62A9BDF7E00FF4808 /* AuthRepositoryImp.swift in Sources */,
				3933ED072A80BF520013DB35 /* LoginPage.swift in Sources */,
				3933ECD92A80BCEF0013DB35 /* pulavestiosApp.swift in Sources */,
				3919D1AC2A9BE17200FF4808 /* HttpClient.swift in Sources */,
				3919D1A32A9BDF2200FF4808 /* LoginRequestData.swift in Sources */,
				394DF3862AA2EF56000FF454 /* AuthViewModel.swift in Sources */,
				3919D19B2A9B653B00FF4808 /* primitives.swift in Sources */,
				392A236C2A9DFB2C006ACBC3 /* UserModel.swift in Sources */,
				398AF3642A94C05200851890 /* DashboardPage.swift in Sources */,
			);
			runOnlyForDeploymentPostprocessing = 0;
		};
		3933ECE12A80BCF00013DB35 /* Sources */ = {
			isa = PBXSourcesBuildPhase;
			buildActionMask = 2147483647;
			files = (
				3933ECEA2A80BCF00013DB35 /* pulavestiosTests.swift in Sources */,
			);
			runOnlyForDeploymentPostprocessing = 0;
		};
		3933ECEB2A80BCF00013DB35 /* Sources */ = {
			isa = PBXSourcesBuildPhase;
			buildActionMask = 2147483647;
			files = (
				3933ECF62A80BCF00013DB35 /* pulavestiosUITestsLaunchTests.swift in Sources */,
				3933ECF42A80BCF00013DB35 /* pulavestiosUITests.swift in Sources */,
			);
			runOnlyForDeploymentPostprocessing = 0;
		};
/* End PBXSourcesBuildPhase section */

/* Begin PBXTargetDependency section */
		3933ECE72A80BCF00013DB35 /* PBXTargetDependency */ = {
			isa = PBXTargetDependency;
			target = 3933ECD42A80BCEF0013DB35 /* pulavestios */;
			targetProxy = 3933ECE62A80BCF00013DB35 /* PBXContainerItemProxy */;
		};
		3933ECF12A80BCF00013DB35 /* PBXTargetDependency */ = {
			isa = PBXTargetDependency;
			target = 3933ECD42A80BCEF0013DB35 /* pulavestios */;
			targetProxy = 3933ECF02A80BCF00013DB35 /* PBXContainerItemProxy */;
		};
/* End PBXTargetDependency section */

/* Begin XCBuildConfiguration section */
		3933ECF72A80BCF00013DB35 /* Debug */ = {
			isa = XCBuildConfiguration;
			buildSettings = {
				ALWAYS_SEARCH_USER_PATHS = NO;
				CLANG_ANALYZER_NONNULL = YES;
				CLANG_ANALYZER_NUMBER_OBJECT_CONVERSION = YES_AGGRESSIVE;
				CLANG_CXX_LANGUAGE_STANDARD = "gnu++20";
				CLANG_ENABLE_MODULES = YES;
				CLANG_ENABLE_OBJC_ARC = YES;
				CLANG_ENABLE_OBJC_WEAK = YES;
				CLANG_WARN_BLOCK_CAPTURE_AUTORELEASING = YES;
				CLANG_WARN_BOOL_CONVERSION = YES;
				CLANG_WARN_COMMA = YES;
				CLANG_WARN_CONSTANT_CONVERSION = YES;
				CLANG_WARN_DEPRECATED_OBJC_IMPLEMENTATIONS = YES;
				CLANG_WARN_DIRECT_OBJC_ISA_USAGE = YES_ERROR;
				CLANG_WARN_DOCUMENTATION_COMMENTS = YES;
				CLANG_WARN_EMPTY_BODY = YES;
				CLANG_WARN_ENUM_CONVERSION = YES;
				CLANG_WARN_INFINITE_RECURSION = YES;
				CLANG_WARN_INT_CONVERSION = YES;
				CLANG_WARN_NON_LITERAL_NULL_CONVERSION = YES;
				CLANG_WARN_OBJC_IMPLICIT_RETAIN_SELF = YES;
				CLANG_WARN_OBJC_LITERAL_CONVERSION = YES;
				CLANG_WARN_OBJC_ROOT_CLASS = YES_ERROR;
				CLANG_WARN_QUOTED_INCLUDE_IN_FRAMEWORK_HEADER = YES;
				CLANG_WARN_RANGE_LOOP_ANALYSIS = YES;
				CLANG_WARN_STRICT_PROTOTYPES = YES;
				CLANG_WARN_SUSPICIOUS_MOVE = YES;
				CLANG_WARN_UNGUARDED_AVAILABILITY = YES_AGGRESSIVE;
				CLANG_WARN_UNREACHABLE_CODE = YES;
				CLANG_WARN__DUPLICATE_METHOD_MATCH = YES;
				COPY_PHASE_STRIP = NO;
				DEBUG_INFORMATION_FORMAT = dwarf;
				ENABLE_STRICT_OBJC_MSGSEND = YES;
				ENABLE_TESTABILITY = YES;
				GCC_C_LANGUAGE_STANDARD = gnu11;
				GCC_DYNAMIC_NO_PIC = NO;
				GCC_NO_COMMON_BLOCKS = YES;
				GCC_OPTIMIZATION_LEVEL = 0;
				GCC_PREPROCESSOR_DEFINITIONS = (
					"DEBUG=1",
					"$(inherited)",
				);
				GCC_WARN_64_TO_32_BIT_CONVERSION = YES;
				GCC_WARN_ABOUT_RETURN_TYPE = YES_ERROR;
				GCC_WARN_UNDECLARED_SELECTOR = YES;
				GCC_WARN_UNINITIALIZED_AUTOS = YES_AGGRESSIVE;
				GCC_WARN_UNUSED_FUNCTION = YES;
				GCC_WARN_UNUSED_VARIABLE = YES;
				IPHONEOS_DEPLOYMENT_TARGET = 16.4;
				MTL_ENABLE_DEBUG_INFO = INCLUDE_SOURCE;
				MTL_FAST_MATH = YES;
				ONLY_ACTIVE_ARCH = YES;
				SDKROOT = iphoneos;
				SWIFT_ACTIVE_COMPILATION_CONDITIONS = DEBUG;
				SWIFT_OPTIMIZATION_LEVEL = "-Onone";
			};
			name = Debug;
		};
		3933ECF82A80BCF00013DB35 /* Release */ = {
			isa = XCBuildConfiguration;
			buildSettings = {
				ALWAYS_SEARCH_USER_PATHS = NO;
				CLANG_ANALYZER_NONNULL = YES;
				CLANG_ANALYZER_NUMBER_OBJECT_CONVERSION = YES_AGGRESSIVE;
				CLANG_CXX_LANGUAGE_STANDARD = "gnu++20";
				CLANG_ENABLE_MODULES = YES;
				CLANG_ENABLE_OBJC_ARC = YES;
				CLANG_ENABLE_OBJC_WEAK = YES;
				CLANG_WARN_BLOCK_CAPTURE_AUTORELEASING = YES;
				CLANG_WARN_BOOL_CONVERSION = YES;
				CLANG_WARN_COMMA = YES;
				CLANG_WARN_CONSTANT_CONVERSION = YES;
				CLANG_WARN_DEPRECATED_OBJC_IMPLEMENTATIONS = YES;
				CLANG_WARN_DIRECT_OBJC_ISA_USAGE = YES_ERROR;
				CLANG_WARN_DOCUMENTATION_COMMENTS = YES;
				CLANG_WARN_EMPTY_BODY = YES;
				CLANG_WARN_ENUM_CONVERSION = YES;
				CLANG_WARN_INFINITE_RECURSION = YES;
				CLANG_WARN_INT_CONVERSION = YES;
				CLANG_WARN_NON_LITERAL_NULL_CONVERSION = YES;
				CLANG_WARN_OBJC_IMPLICIT_RETAIN_SELF = YES;
				CLANG_WARN_OBJC_LITERAL_CONVERSION = YES;
				CLANG_WARN_OBJC_ROOT_CLASS = YES_ERROR;
				CLANG_WARN_QUOTED_INCLUDE_IN_FRAMEWORK_HEADER = YES;
				CLANG_WARN_RANGE_LOOP_ANALYSIS = YES;
				CLANG_WARN_STRICT_PROTOTYPES = YES;
				CLANG_WARN_SUSPICIOUS_MOVE = YES;
				CLANG_WARN_UNGUARDED_AVAILABILITY = YES_AGGRESSIVE;
				CLANG_WARN_UNREACHABLE_CODE = YES;
				CLANG_WARN__DUPLICATE_METHOD_MATCH = YES;
				COPY_PHASE_STRIP = NO;
				DEBUG_INFORMATION_FORMAT = "dwarf-with-dsym";
				ENABLE_NS_ASSERTIONS = NO;
				ENABLE_STRICT_OBJC_MSGSEND = YES;
				GCC_C_LANGUAGE_STANDARD = gnu11;
				GCC_NO_COMMON_BLOCKS = YES;
				GCC_WARN_64_TO_32_BIT_CONVERSION = YES;
				GCC_WARN_ABOUT_RETURN_TYPE = YES_ERROR;
				GCC_WARN_UNDECLARED_SELECTOR = YES;
				GCC_WARN_UNINITIALIZED_AUTOS = YES_AGGRESSIVE;
				GCC_WARN_UNUSED_FUNCTION = YES;
				GCC_WARN_UNUSED_VARIABLE = YES;
				IPHONEOS_DEPLOYMENT_TARGET = 16.4;
				MTL_ENABLE_DEBUG_INFO = NO;
				MTL_FAST_MATH = YES;
				SDKROOT = iphoneos;
				SWIFT_COMPILATION_MODE = wholemodule;
				SWIFT_OPTIMIZATION_LEVEL = "-O";
				VALIDATE_PRODUCT = YES;
			};
			name = Release;
		};
		3933ECFA2A80BCF00013DB35 /* Debug */ = {
			isa = XCBuildConfiguration;
			buildSettings = {
				ASSETCATALOG_COMPILER_APPICON_NAME = AppIcon;
				ASSETCATALOG_COMPILER_GLOBAL_ACCENT_COLOR_NAME = AccentColor;
				CODE_SIGN_STYLE = Automatic;
				CURRENT_PROJECT_VERSION = 1;
				DEVELOPMENT_ASSET_PATHS = "\"pulavestios/Preview Content\"";
				DEVELOPMENT_TEAM = AAR3A23K7Z;
				ENABLE_PREVIEWS = YES;
				GENERATE_INFOPLIST_FILE = YES;
				INFOPLIST_FILE = pulavestios/Info.plist;
				INFOPLIST_KEY_LSApplicationCategoryType = "";
				INFOPLIST_KEY_UIApplicationSceneManifest_Generation = YES;
				INFOPLIST_KEY_UIApplicationSupportsIndirectInputEvents = YES;
				INFOPLIST_KEY_UILaunchScreen_Generation = YES;
				INFOPLIST_KEY_UISupportedInterfaceOrientations_iPad = "UIInterfaceOrientationPortrait UIInterfaceOrientationPortraitUpsideDown UIInterfaceOrientationLandscapeLeft UIInterfaceOrientationLandscapeRight";
				INFOPLIST_KEY_UISupportedInterfaceOrientations_iPhone = "UIInterfaceOrientationPortrait UIInterfaceOrientationLandscapeLeft UIInterfaceOrientationLandscapeRight";
				LD_RUNPATH_SEARCH_PATHS = (
					"$(inherited)",
					"@executable_path/Frameworks",
				);
				MARKETING_VERSION = 1.0;
				PRODUCT_BUNDLE_IDENTIFIER = com.abiodun.dot.dev.pulavestios;
				PRODUCT_NAME = "$(TARGET_NAME)";
				SWIFT_EMIT_LOC_STRINGS = YES;
				SWIFT_VERSION = 5.0;
				TARGETED_DEVICE_FAMILY = "1,2";
			};
			name = Debug;
		};
		3933ECFB2A80BCF00013DB35 /* Release */ = {
			isa = XCBuildConfiguration;
			buildSettings = {
				ASSETCATALOG_COMPILER_APPICON_NAME = AppIcon;
				ASSETCATALOG_COMPILER_GLOBAL_ACCENT_COLOR_NAME = AccentColor;
				CODE_SIGN_STYLE = Automatic;
				CURRENT_PROJECT_VERSION = 1;
				DEVELOPMENT_ASSET_PATHS = "\"pulavestios/Preview Content\"";
				DEVELOPMENT_TEAM = AAR3A23K7Z;
				ENABLE_PREVIEWS = YES;
				GENERATE_INFOPLIST_FILE = YES;
				INFOPLIST_FILE = pulavestios/Info.plist;
				INFOPLIST_KEY_LSApplicationCategoryType = "";
				INFOPLIST_KEY_UIApplicationSceneManifest_Generation = YES;
				INFOPLIST_KEY_UIApplicationSupportsIndirectInputEvents = YES;
				INFOPLIST_KEY_UILaunchScreen_Generation = YES;
				INFOPLIST_KEY_UISupportedInterfaceOrientations_iPad = "UIInterfaceOrientationPortrait UIInterfaceOrientationPortraitUpsideDown UIInterfaceOrientationLandscapeLeft UIInterfaceOrientationLandscapeRight";
				INFOPLIST_KEY_UISupportedInterfaceOrientations_iPhone = "UIInterfaceOrientationPortrait UIInterfaceOrientationLandscapeLeft UIInterfaceOrientationLandscapeRight";
				LD_RUNPATH_SEARCH_PATHS = (
					"$(inherited)",
					"@executable_path/Frameworks",
				);
				MARKETING_VERSION = 1.0;
				PRODUCT_BUNDLE_IDENTIFIER = com.abiodun.dot.dev.pulavestios;
				PRODUCT_NAME = "$(TARGET_NAME)";
				SWIFT_EMIT_LOC_STRINGS = YES;
				SWIFT_VERSION = 5.0;
				TARGETED_DEVICE_FAMILY = "1,2";
			};
			name = Release;
		};
		3933ECFD2A80BCF00013DB35 /* Debug */ = {
			isa = XCBuildConfiguration;
			buildSettings = {
				ALWAYS_EMBED_SWIFT_STANDARD_LIBRARIES = YES;
				BUNDLE_LOADER = "$(TEST_HOST)";
				CODE_SIGN_STYLE = Automatic;
				CURRENT_PROJECT_VERSION = 1;
				DEVELOPMENT_TEAM = AAR3A23K7Z;
				GENERATE_INFOPLIST_FILE = YES;
				IPHONEOS_DEPLOYMENT_TARGET = 16.4;
				MARKETING_VERSION = 1.0;
				PRODUCT_BUNDLE_IDENTIFIER = com.abiodun.dot.dev.pulavestiosTests;
				PRODUCT_NAME = "$(TARGET_NAME)";
				SWIFT_EMIT_LOC_STRINGS = NO;
				SWIFT_VERSION = 5.0;
				TARGETED_DEVICE_FAMILY = "1,2";
				TEST_HOST = "$(BUILT_PRODUCTS_DIR)/pulavestios.app/$(BUNDLE_EXECUTABLE_FOLDER_PATH)/pulavestios";
			};
			name = Debug;
		};
		3933ECFE2A80BCF00013DB35 /* Release */ = {
			isa = XCBuildConfiguration;
			buildSettings = {
				ALWAYS_EMBED_SWIFT_STANDARD_LIBRARIES = YES;
				BUNDLE_LOADER = "$(TEST_HOST)";
				CODE_SIGN_STYLE = Automatic;
				CURRENT_PROJECT_VERSION = 1;
				DEVELOPMENT_TEAM = AAR3A23K7Z;
				GENERATE_INFOPLIST_FILE = YES;
				IPHONEOS_DEPLOYMENT_TARGET = 16.4;
				MARKETING_VERSION = 1.0;
				PRODUCT_BUNDLE_IDENTIFIER = com.abiodun.dot.dev.pulavestiosTests;
				PRODUCT_NAME = "$(TARGET_NAME)";
				SWIFT_EMIT_LOC_STRINGS = NO;
				SWIFT_VERSION = 5.0;
				TARGETED_DEVICE_FAMILY = "1,2";
				TEST_HOST = "$(BUILT_PRODUCTS_DIR)/pulavestios.app/$(BUNDLE_EXECUTABLE_FOLDER_PATH)/pulavestios";
			};
			name = Release;
		};
		3933ED002A80BCF00013DB35 /* Debug */ = {
			isa = XCBuildConfiguration;
			buildSettings = {
				ALWAYS_EMBED_SWIFT_STANDARD_LIBRARIES = YES;
				CODE_SIGN_STYLE = Automatic;
				CURRENT_PROJECT_VERSION = 1;
				DEVELOPMENT_TEAM = AAR3A23K7Z;
				GENERATE_INFOPLIST_FILE = YES;
				MARKETING_VERSION = 1.0;
				PRODUCT_BUNDLE_IDENTIFIER = com.abiodun.dot.dev.pulavestiosUITests;
				PRODUCT_NAME = "$(TARGET_NAME)";
				SWIFT_EMIT_LOC_STRINGS = NO;
				SWIFT_VERSION = 5.0;
				TARGETED_DEVICE_FAMILY = "1,2";
				TEST_TARGET_NAME = pulavestios;
			};
			name = Debug;
		};
		3933ED012A80BCF00013DB35 /* Release */ = {
			isa = XCBuildConfiguration;
			buildSettings = {
				ALWAYS_EMBED_SWIFT_STANDARD_LIBRARIES = YES;
				CODE_SIGN_STYLE = Automatic;
				CURRENT_PROJECT_VERSION = 1;
				DEVELOPMENT_TEAM = AAR3A23K7Z;
				GENERATE_INFOPLIST_FILE = YES;
				MARKETING_VERSION = 1.0;
				PRODUCT_BUNDLE_IDENTIFIER = com.abiodun.dot.dev.pulavestiosUITests;
				PRODUCT_NAME = "$(TARGET_NAME)";
				SWIFT_EMIT_LOC_STRINGS = NO;
				SWIFT_VERSION = 5.0;
				TARGETED_DEVICE_FAMILY = "1,2";
				TEST_TARGET_NAME = pulavestios;
			};
			name = Release;
		};
/* End XCBuildConfiguration section */

/* Begin XCConfigurationList section */
		3933ECD02A80BCEF0013DB35 /* Build configuration list for PBXProject "pulavestios" */ = {
			isa = XCConfigurationList;
			buildConfigurations = (
				3933ECF72A80BCF00013DB35 /* Debug */,
				3933ECF82A80BCF00013DB35 /* Release */,
			);
			defaultConfigurationIsVisible = 0;
			defaultConfigurationName = Release;
		};
		3933ECF92A80BCF00013DB35 /* Build configuration list for PBXNativeTarget "pulavestios" */ = {
			isa = XCConfigurationList;
			buildConfigurations = (
				3933ECFA2A80BCF00013DB35 /* Debug */,
				3933ECFB2A80BCF00013DB35 /* Release */,
			);
			defaultConfigurationIsVisible = 0;
			defaultConfigurationName = Release;
		};
		3933ECFC2A80BCF00013DB35 /* Build configuration list for PBXNativeTarget "pulavestiosTests" */ = {
			isa = XCConfigurationList;
			buildConfigurations = (
				3933ECFD2A80BCF00013DB35 /* Debug */,
				3933ECFE2A80BCF00013DB35 /* Release */,
			);
			defaultConfigurationIsVisible = 0;
			defaultConfigurationName = Release;
		};
		3933ECFF2A80BCF00013DB35 /* Build configuration list for PBXNativeTarget "pulavestiosUITests" */ = {
			isa = XCConfigurationList;
			buildConfigurations = (
				3933ED002A80BCF00013DB35 /* Debug */,
				3933ED012A80BCF00013DB35 /* Release */,
			);
			defaultConfigurationIsVisible = 0;
			defaultConfigurationName = Release;
		};
/* End XCConfigurationList section */

/* Begin XCRemoteSwiftPackageReference section */
		3919D1A72A9BE0A200FF4808 /* XCRemoteSwiftPackageReference "Alamofire" */ = {
			isa = XCRemoteSwiftPackageReference;
			repositoryURL = "https://github.com/Alamofire/Alamofire";
			requirement = {
				kind = upToNextMajorVersion;
				minimumVersion = 5.0.0;
			};
		};
/* End XCRemoteSwiftPackageReference section */

/* Begin XCSwiftPackageProductDependency section */
		3919D1A82A9BE0A200FF4808 /* Alamofire */ = {
			isa = XCSwiftPackageProductDependency;
			package = 3919D1A72A9BE0A200FF4808 /* XCRemoteSwiftPackageReference "Alamofire" */;
			productName = Alamofire;
		};
/* End XCSwiftPackageProductDependency section */
	};
	rootObject = 3933ECCD2A80BCEF0013DB35 /* Project object */;
}
